Microsoft Visual Studio Solution File, Format Version 12.00
# Visual Studio Version 16
VisualStudioVersion = 16.0.30002.166
MinimumVisualStudioVersion = 10.0.40219.1
Project("{FAE04EC0-301F-11D3-BF4B-00C04F79EFBC}") = "Python", "Python\Python.csproj", "{A5071EA8-A2EE-4638-B91F-C95F93C3D172}"
EndProject
Project("{FAE04EC0-301F-11D3-BF4B-00C04F79EFBC}") = "Python Unit Tests", "Python Unit Tests\Python Unit Tests.csproj", "{3F02F22B-E9C6-4A4A-BC08-C87FDBB86D8F}"
EndProject
Global
	GlobalSection(SolutionConfigurationPlatforms) = preSolution
		Debug|Any CPU = Debug|Any CPU
		Release|Any CPU = Release|Any CPU
	EndGlobalSection
	GlobalSection(ProjectConfigurationPlatforms) = postSolution
		{A5071EA8-A2EE-4638-B91F-C95F93C3D172}.Debug|Any CPU.ActiveCfg = Debug|Any CPU
		{A5071EA8-A2EE-4638-B91F-C95F93C3D172}.Debug|Any CPU.Build.0 = Debug|Any CPU
		{A5071EA8-A2EE-4638-B91F-C95F93C3D172}.Release|Any CPU.ActiveCfg = Release|Any CPU
		{A5071EA8-A2EE-4638-B91F-C95F93C3D172}.Release|Any CPU.Build.0 = Release|Any CPU
		{3F02F22B-E9C6-4A4A-BC08-C87FDBB86D8F}.Debug|Any CPU.ActiveCfg = Debug|Any CPU
		{3F02F22B-E9C6-4A4A-BC08-C87FDBB86D8F}.Debug|Any CPU.Build.0 = Debug|Any CPU
		{3F02F22B-E9C6-4A4A-BC08-C87FDBB86D8F}.Release|Any CPU.ActiveCfg = Release|Any CPU
		{3F02F22B-E9C6-4A4A-BC08-C87FDBB86D8F}.Release|Any CPU.Build.0 = Release|Any CPU
	EndGlobalSection
	GlobalSection(SolutionProperties) = preSolution
		HideSolutionNode = FALSE
	EndGlobalSection
	GlobalSection(ExtensibilityGlobals) = postSolution
		SolutionGuid = {5B975D58-5D99-4471-8FDA-60F4B96016EC}
	EndGlobalSection
EndGlobal
